
Microsoft Visual Studio Solution File, Format Version 12.00
# Visual Studio Version 17
VisualStudioVersion = 17.4.33110.190
MinimumVisualStudioVersion = 10.0.40219.1
Project("{FAE04EC0-301F-11D3-BF4B-00C04F79EFBC}") = "ConcesionarioBBDD", "ConcesionarioBBDD\ConcesionarioBBDD.csproj", "{025FB7B1-61BB-4FA5-B6B2-05D8DE040D73}"
EndProject
Global
	GlobalSection(SolutionConfigurationPlatforms) = preSolution
		Debug|Any CPU = Debug|Any CPU
		Release|Any CPU = Release|Any CPU
	EndGlobalSection
	GlobalSection(ProjectConfigurationPlatforms) = postSolution
		{025FB7B1-61BB-4FA5-B6B2-05D8DE040D73}.Debug|Any CPU.ActiveCfg = Debug|Any CPU
		{025FB7B1-61BB-4FA5-B6B2-05D8DE040D73}.Debug|Any CPU.Build.0 = Debug|Any CPU
		{025FB7B1-61BB-4FA5-B6B2-05D8DE040D73}.Release|Any CPU.ActiveCfg = Release|Any CPU
		{025FB7B1-61BB-4FA5-B6B2-05D8DE040D73}.Release|Any CPU.Build.0 = Release|Any CPU
	EndGlobalSection
	GlobalSection(SolutionProperties) = preSolution
		HideSolutionNode = FALSE
	EndGlobalSection
	GlobalSection(ExtensibilityGlobals) = postSolution
		SolutionGuid = {56A3A3FB-B0D4-44FB-BF6C-FB0B962B7FCE}
	EndGlobalSection
EndGlobal
